
Microsoft Visual Studio Solution File, Format Version 12.00
# Visual Studio Version 17
VisualStudioVersion = 17.9.34723.18
MinimumVisualStudioVersion = 10.0.40219.1
Project("{FAE04EC0-301F-11D3-BF4B-00C04F79EFBC}") = "Cafe Management System", "Cafe Management System\Cafe Management System.csproj", "{8C0787F6-1E5B-4305-B1DA-F2C94AD7C4CA}"
EndProject
Global
	GlobalSection(SolutionConfigurationPlatforms) = preSolution
		Debug|Any CPU = Debug|Any CPU
		Release|Any CPU = Release|Any CPU
	EndGlobalSection
	GlobalSection(ProjectConfigurationPlatforms) = postSolution
		{8C0787F6-1E5B-4305-B1DA-F2C94AD7C4CA}.Debug|Any CPU.ActiveCfg = Debug|Any CPU
		{8C0787F6-1E5B-4305-B1DA-F2C94AD7C4CA}.Debug|Any CPU.Build.0 = Debug|Any CPU
		{8C0787F6-1E5B-4305-B1DA-F2C94AD7C4CA}.Release|Any CPU.ActiveCfg = Release|Any CPU
		{8C0787F6-1E5B-4305-B1DA-F2C94AD7C4CA}.Release|Any CPU.Build.0 = Release|Any CPU
	EndGlobalSection
	GlobalSection(SolutionProperties) = preSolution
		HideSolutionNode = FALSE
	EndGlobalSection
	GlobalSection(ExtensibilityGlobals) = postSolution
		SolutionGuid = {7CAE7A96-AD18-45C6-A5A3-1C3B92803551}
	EndGlobalSection
EndGlobal
